
Microsoft Visual Studio Solution File, Format Version 12.00
# Visual Studio Version 17
VisualStudioVersion = 17.11.35327.3
MinimumVisualStudioVersion = 10.0.40219.1
Project("{FAE04EC0-301F-11D3-BF4B-00C04F79EFBC}") = "hafta2_odev10", "hafta2_odev10\hafta2_odev10.csproj", "{130C7E8D-014E-4398-94FF-5EC07C7E5A56}"
EndProject
Global
	GlobalSection(SolutionConfigurationPlatforms) = preSolution
		Debug|Any CPU = Debug|Any CPU
		Release|Any CPU = Release|Any CPU
	EndGlobalSection
	GlobalSection(ProjectConfigurationPlatforms) = postSolution
		{130C7E8D-014E-4398-94FF-5EC07C7E5A56}.Debug|Any CPU.ActiveCfg = Debug|Any CPU
		{130C7E8D-014E-4398-94FF-5EC07C7E5A56}.Debug|Any CPU.Build.0 = Debug|Any CPU
		{130C7E8D-014E-4398-94FF-5EC07C7E5A56}.Release|Any CPU.ActiveCfg = Release|Any CPU
		{130C7E8D-014E-4398-94FF-5EC07C7E5A56}.Release|Any CPU.Build.0 = Release|Any CPU
	EndGlobalSection
	GlobalSection(SolutionProperties) = preSolution
		HideSolutionNode = FALSE
	EndGlobalSection
	GlobalSection(ExtensibilityGlobals) = postSolution
		SolutionGuid = {9BCEBF4C-081C-4910-8C3F-9B9A94EDB144}
	EndGlobalSection
EndGlobal
