
Microsoft Visual Studio Solution File, Format Version 12.00
# Visual Studio Version 17
VisualStudioVersion = 17.11.35327.3
MinimumVisualStudioVersion = 10.0.40219.1
Project("{FAE04EC0-301F-11D3-BF4B-00C04F79EFBC}") = "hafta2_odev8", "hafta2_odev8\hafta2_odev8.csproj", "{93795B03-5DA9-4B2D-8627-7C92558394FA}"
EndProject
Global
	GlobalSection(SolutionConfigurationPlatforms) = preSolution
		Debug|Any CPU = Debug|Any CPU
		Release|Any CPU = Release|Any CPU
	EndGlobalSection
	GlobalSection(ProjectConfigurationPlatforms) = postSolution
		{93795B03-5DA9-4B2D-8627-7C92558394FA}.Debug|Any CPU.ActiveCfg = Debug|Any CPU
		{93795B03-5DA9-4B2D-8627-7C92558394FA}.Debug|Any CPU.Build.0 = Debug|Any CPU
		{93795B03-5DA9-4B2D-8627-7C92558394FA}.Release|Any CPU.ActiveCfg = Release|Any CPU
		{93795B03-5DA9-4B2D-8627-7C92558394FA}.Release|Any CPU.Build.0 = Release|Any CPU
	EndGlobalSection
	GlobalSection(SolutionProperties) = preSolution
		HideSolutionNode = FALSE
	EndGlobalSection
	GlobalSection(ExtensibilityGlobals) = postSolution
		SolutionGuid = {D192261B-8223-4E68-A8AD-506CD00E8D88}
	EndGlobalSection
EndGlobal
